
Microsoft Visual Studio Solution File, Format Version 12.00
# Visual Studio 15
VisualStudioVersion = 15.0.27703.2042
MinimumVisualStudioVersion = 10.0.40219.1
Project("{9A19103F-16F7-4668-BE54-9A1E7A4F7556}") = "WebApi", "WebApplication1\WebApi.csproj", "{EBAF03BB-C710-47F0-AE4D-31B20329D14D}"
EndProject
Project("{E24C65DC-7377-472B-9ABA-BC803B73C61A}") = "reserve-app", "..\reserve-app\", "{8C24EA36-D9DC-4F8C-AB5D-78F4B3FA6FAB}"
	ProjectSection(WebsiteProperties) = preProject
		TargetFrameworkMoniker = ".NETFramework,Version%3Dv4.0"
		Debug.AspNetCompiler.VirtualPath = "/localhost_49918"
		Debug.AspNetCompiler.PhysicalPath = "..\reserve-app\"
		Debug.AspNetCompiler.TargetPath = "PrecompiledWeb\localhost_49918\"
		Debug.AspNetCompiler.Updateable = "true"
		Debug.AspNetCompiler.ForceOverwrite = "true"
		Debug.AspNetCompiler.FixedNames = "false"
		Debug.AspNetCompiler.Debug = "True"
		Release.AspNetCompiler.VirtualPath = "/localhost_49918"
		Release.AspNetCompiler.PhysicalPath = "..\reserve-app\"
		Release.AspNetCompiler.TargetPath = "PrecompiledWeb\localhost_49918\"
		Release.AspNetCompiler.Updateable = "true"
		Release.AspNetCompiler.ForceOverwrite = "true"
		Release.AspNetCompiler.FixedNames = "false"
		Release.AspNetCompiler.Debug = "False"
		VWDPort = "49918"
	EndProjectSection
EndProject
Global
	GlobalSection(SolutionConfigurationPlatforms) = preSolution
		Debug|Any CPU = Debug|Any CPU
		Release|Any CPU = Release|Any CPU
	EndGlobalSection
	GlobalSection(ProjectConfigurationPlatforms) = postSolution
		{EBAF03BB-C710-47F0-AE4D-31B20329D14D}.Debug|Any CPU.ActiveCfg = Debug|Any CPU
		{EBAF03BB-C710-47F0-AE4D-31B20329D14D}.Debug|Any CPU.Build.0 = Debug|Any CPU
		{EBAF03BB-C710-47F0-AE4D-31B20329D14D}.Release|Any CPU.ActiveCfg = Release|Any CPU
		{EBAF03BB-C710-47F0-AE4D-31B20329D14D}.Release|Any CPU.Build.0 = Release|Any CPU
		{8C24EA36-D9DC-4F8C-AB5D-78F4B3FA6FAB}.Debug|Any CPU.ActiveCfg = Debug|Any CPU
		{8C24EA36-D9DC-4F8C-AB5D-78F4B3FA6FAB}.Debug|Any CPU.Build.0 = Debug|Any CPU
		{8C24EA36-D9DC-4F8C-AB5D-78F4B3FA6FAB}.Release|Any CPU.ActiveCfg = Debug|Any CPU
		{8C24EA36-D9DC-4F8C-AB5D-78F4B3FA6FAB}.Release|Any CPU.Build.0 = Debug|Any CPU
	EndGlobalSection
	GlobalSection(SolutionProperties) = preSolution
		HideSolutionNode = FALSE
	EndGlobalSection
	GlobalSection(ExtensibilityGlobals) = postSolution
		SolutionGuid = {64392742-6F44-4AC0-9F75-FEECFCF89133}
	EndGlobalSection
EndGlobal
